
Microsoft Visual Studio Solution File, Format Version 12.00
# Visual Studio Version 16
VisualStudioVersion = 16.0.29926.136
MinimumVisualStudioVersion = 10.0.40219.1
Project("{FAE04EC0-301F-11D3-BF4B-00C04F79EFBC}") = "Lesso6", "Lesso6\Lesso6.csproj", "{530AD4D8-6B63-4F5A-B043-F8268D42689A}"
EndProject
Global
	GlobalSection(SolutionConfigurationPlatforms) = preSolution
		Debug|Any CPU = Debug|Any CPU
		Release|Any CPU = Release|Any CPU
	EndGlobalSection
	GlobalSection(ProjectConfigurationPlatforms) = postSolution
		{530AD4D8-6B63-4F5A-B043-F8268D42689A}.Debug|Any CPU.ActiveCfg = Debug|Any CPU
		{530AD4D8-6B63-4F5A-B043-F8268D42689A}.Debug|Any CPU.Build.0 = Debug|Any CPU
		{530AD4D8-6B63-4F5A-B043-F8268D42689A}.Release|Any CPU.ActiveCfg = Release|Any CPU
		{530AD4D8-6B63-4F5A-B043-F8268D42689A}.Release|Any CPU.Build.0 = Release|Any CPU
	EndGlobalSection
	GlobalSection(SolutionProperties) = preSolution
		HideSolutionNode = FALSE
	EndGlobalSection
	GlobalSection(ExtensibilityGlobals) = postSolution
		SolutionGuid = {F41256E2-F37D-4263-BFE0-396315E6576E}
	EndGlobalSection
EndGlobal
